
Microsoft Visual Studio Solution File, Format Version 12.00
# Visual Studio Version 16
VisualStudioVersion = 16.0.29905.134
MinimumVisualStudioVersion = 10.0.40219.1
Project("{FAE04EC0-301F-11D3-BF4B-00C04F79EFBC}") = "LeetCode_001", "LeetCode_001.csproj", "{120F2FF4-60FA-4459-876F-794DCA39B1E2}"
EndProject
Global
	GlobalSection(SolutionConfigurationPlatforms) = preSolution
		Debug|Any CPU = Debug|Any CPU
		Release|Any CPU = Release|Any CPU
	EndGlobalSection
	GlobalSection(ProjectConfigurationPlatforms) = postSolution
		{120F2FF4-60FA-4459-876F-794DCA39B1E2}.Debug|Any CPU.ActiveCfg = Debug|Any CPU
		{120F2FF4-60FA-4459-876F-794DCA39B1E2}.Debug|Any CPU.Build.0 = Debug|Any CPU
		{120F2FF4-60FA-4459-876F-794DCA39B1E2}.Release|Any CPU.ActiveCfg = Release|Any CPU
		{120F2FF4-60FA-4459-876F-794DCA39B1E2}.Release|Any CPU.Build.0 = Release|Any CPU
	EndGlobalSection
	GlobalSection(SolutionProperties) = preSolution
		HideSolutionNode = FALSE
	EndGlobalSection
	GlobalSection(ExtensibilityGlobals) = postSolution
		SolutionGuid = {B9D340B1-302E-4892-B67B-8CA79665C59D}
	EndGlobalSection
EndGlobal
