
Microsoft Visual Studio Solution File, Format Version 12.00
# Visual Studio Version 16
VisualStudioVersion = 16.0.29905.134
MinimumVisualStudioVersion = 10.0.40219.1
Project("{FAE04EC0-301F-11D3-BF4B-00C04F79EFBC}") = "ConsoleApp8342", "ConsoleApp8342.csproj", "{23DCBC2F-C6B5-4942-A0DD-310E15303D7E}"
EndProject
Global
	GlobalSection(SolutionConfigurationPlatforms) = preSolution
		Debug|Any CPU = Debug|Any CPU
		Release|Any CPU = Release|Any CPU
	EndGlobalSection
	GlobalSection(ProjectConfigurationPlatforms) = postSolution
		{23DCBC2F-C6B5-4942-A0DD-310E15303D7E}.Debug|Any CPU.ActiveCfg = Debug|Any CPU
		{23DCBC2F-C6B5-4942-A0DD-310E15303D7E}.Debug|Any CPU.Build.0 = Debug|Any CPU
		{23DCBC2F-C6B5-4942-A0DD-310E15303D7E}.Release|Any CPU.ActiveCfg = Release|Any CPU
		{23DCBC2F-C6B5-4942-A0DD-310E15303D7E}.Release|Any CPU.Build.0 = Release|Any CPU
	EndGlobalSection
	GlobalSection(SolutionProperties) = preSolution
		HideSolutionNode = FALSE
	EndGlobalSection
	GlobalSection(ExtensibilityGlobals) = postSolution
		SolutionGuid = {3694EDC1-62B6-4523-8BBF-0EFDDAACFFD3}
	EndGlobalSection
EndGlobal
