
Microsoft Visual Studio Solution File, Format Version 12.00
# Visual Studio Version 16
VisualStudioVersion = 16.0.30011.22
MinimumVisualStudioVersion = 10.0.40219.1
Project("{FAE04EC0-301F-11D3-BF4B-00C04F79EFBC}") = "WebAppFramework12", "WebAppFramework12.csproj", "{579E736A-0B81-4C09-B32F-B39E7A9206EF}"
EndProject
Global
	GlobalSection(SolutionConfigurationPlatforms) = preSolution
		Debug|Any CPU = Debug|Any CPU
		Release|Any CPU = Release|Any CPU
	EndGlobalSection
	GlobalSection(ProjectConfigurationPlatforms) = postSolution
		{579E736A-0B81-4C09-B32F-B39E7A9206EF}.Debug|Any CPU.ActiveCfg = Debug|Any CPU
		{579E736A-0B81-4C09-B32F-B39E7A9206EF}.Debug|Any CPU.Build.0 = Debug|Any CPU
		{579E736A-0B81-4C09-B32F-B39E7A9206EF}.Release|Any CPU.ActiveCfg = Release|Any CPU
		{579E736A-0B81-4C09-B32F-B39E7A9206EF}.Release|Any CPU.Build.0 = Release|Any CPU
	EndGlobalSection
	GlobalSection(SolutionProperties) = preSolution
		HideSolutionNode = FALSE
	EndGlobalSection
	GlobalSection(ExtensibilityGlobals) = postSolution
		SolutionGuid = {148089A7-2734-4255-ABB7-1A8C0244D780}
	EndGlobalSection
EndGlobal
